// !$*UTF8*$!
{
	archiveVersion = 1;
	classes = {
	};
	objectVersion = 46;
	objects = {

/* Begin PBXBuildFile section */
		834168101F8D70210052E7FE /* GLTFViewerOrbitCamera.m in Sources */ = {isa = PBXBuildFile; fileRef = 8341680F1F8D70210052E7FE /* GLTFViewerOrbitCamera.m */; };
		834168131F8D70730052E7FE /* GLTFViewerFirstPersonCamera.m in Sources */ = {isa = PBXBuildFile; fileRef = 834168121F8D70730052E7FE /* GLTFViewerFirstPersonCamera.m */; };
		834E00152031267700DCB66E /* brdf.metal in Sources */ = {isa = PBXBuildFile; fileRef = 834E000A202A70B200DCB66E /* brdf.metal */; };
		83637A692043B94F0093C117 /* tropical_beach.hdr in Resources */ = {isa = PBXBuildFile; fileRef = 83637A612043B9230093C117 /* tropical_beach.hdr */; };
		83850FC21F4A5E8F00F9A444 /* main.m in Sources */ = {isa = PBXBuildFile; fileRef = 83850FBE1F4A5C5C00F9A444 /* main.m */; };
		83850FC71F4A5F4D00F9A444 /* GLTFViewerViewController.m in Sources */ = {isa = PBXBuildFile; fileRef = 83850FC51F4A5F2600F9A444 /* GLTFViewerViewController.m */; };
		83850FCA1F4A616E00F9A444 /* GLTFDocument.m in Sources */ = {isa = PBXBuildFile; fileRef = 83850FC91F4A616E00F9A444 /* GLTFDocument.m */; };
		83850FF71F4A715D00F9A444 /* Main.storyboard in Resources */ = {isa = PBXBuildFile; fileRef = 83850FF51F4A714600F9A444 /* Main.storyboard */; };
		8394D43A1F533CE4007FC600 /* GLTF.framework in Embed Frameworks */ = {isa = PBXBuildFile; fileRef = 83850FB01F4A403800F9A444 /* GLTF.framework */; settings = {ATTRIBUTES = (CodeSignOnCopy, RemoveHeadersOnCopy, ); }; };
		8394D43B1F533CE4007FC600 /* GLTFMTL.framework in Frameworks */ = {isa = PBXBuildFile; fileRef = 83850FB31F4A403800F9A444 /* GLTFMTL.framework */; };
		8394D43C1F533CE4007FC600 /* GLTFMTL.framework in Embed Frameworks */ = {isa = PBXBuildFile; fileRef = 83850FB31F4A403800F9A444 /* GLTFMTL.framework */; settings = {ATTRIBUTES = (CodeSignOnCopy, RemoveHeadersOnCopy, ); }; };
		83A6C51B1F88208E0095A4DC /* GLTFViewerCamera.m in Sources */ = {isa = PBXBuildFile; fileRef = 83A6C51A1F88208E0095A4DC /* GLTFViewerCamera.m */; };
		83D32B291FA915D000703763 /* skybox.metal in Sources */ = {isa = PBXBuildFile; fileRef = 83D32B1E1FA915D000703763 /* skybox.metal */; };
		83D32B2A1FA915D000703763 /* pbr.metal in Sources */ = {isa = PBXBuildFile; fileRef = 83D32B1F1FA915D000703763 /* pbr.metal */; };
		83D32B341FA917E200703763 /* pbr.metal in CopyFiles */ = {isa = PBXBuildFile; fileRef = 83D32B1F1FA915D000703763 /* pbr.metal */; };
		83DBFDA71FA51F3400722FA8 /* Assets.xcassets in Resources */ = {isa = PBXBuildFile; fileRef = 83850FBA1F4A5C5C00F9A444 /* Assets.xcassets */; };
/* End PBXBuildFile section */

/* Begin PBXCopyFilesBuildPhase section */
		8394D43D1F533CE4007FC600 /* Embed Frameworks */ = {
			isa = PBXCopyFilesBuildPhase;
			buildActionMask = 2147483647;
			dstPath = "";
			dstSubfolderSpec = 10;
			files = (
				8394D43A1F533CE4007FC600 /* GLTF.framework in Embed Frameworks */,
				8394D43C1F533CE4007FC600 /* GLTFMTL.framework in Embed Frameworks */,
			);
			name = "Embed Frameworks";
			runOnlyForDeploymentPostprocessing = 0;
		};
		83D600B61F48C83D00F71E0C /* CopyFiles */ = {
			isa = PBXCopyFilesBuildPhase;
			buildActionMask = 2147483647;
			dstPath = "";
			dstSubfolderSpec = 7;
			files = (
				83D32B341FA917E200703763 /* pbr.metal in CopyFiles */,
			);
			runOnlyForDeploymentPostprocessing = 0;
		};
/* End PBXCopyFilesBuildPhase section */

/* Begin PBXFileReference section */
		8341680E1F8D70210052E7FE /* GLTFViewerOrbitCamera.h */ = {isa = PBXFileReference; lastKnownFileType = sourcecode.c.h; name = GLTFViewerOrbitCamera.h; path = Shared/GLTFViewerOrbitCamera.h; sourceTree = "<group>"; };
		8341680F1F8D70210052E7FE /* GLTFViewerOrbitCamera.m */ = {isa = PBXFileReference; lastKnownFileType = sourcecode.c.objc; name = GLTFViewerOrbitCamera.m; path = Shared/GLTFViewerOrbitCamera.m; sourceTree = "<group>"; };
		834168111F8D70730052E7FE /* GLTFViewerFirstPersonCamera.h */ = {isa = PBXFileReference; lastKnownFileType = sourcecode.c.h; name = GLTFViewerFirstPersonCamera.h; path = Shared/GLTFViewerFirstPersonCamera.h; sourceTree = "<group>"; };
		834168121F8D70730052E7FE /* GLTFViewerFirstPersonCamera.m */ = {isa = PBXFileReference; lastKnownFileType = sourcecode.c.objc; name = GLTFViewerFirstPersonCamera.m; path = Shared/GLTFViewerFirstPersonCamera.m; sourceTree = "<group>"; };
		834E000A202A70B200DCB66E /* brdf.metal */ = {isa = PBXFileReference; lastKnownFileType = sourcecode.metal; path = brdf.metal; sourceTree = "<group>"; };
		83637A612043B9230093C117 /* tropical_beach.hdr */ = {isa = PBXFileReference; lastKnownFileType = file; path = tropical_beach.hdr; sourceTree = "<group>"; };
		837EEE511FA2B48F004BA504 /* GLTFSCN.framework */ = {isa = PBXFileReference; explicitFileType = wrapper.framework; path = GLTFSCN.framework; sourceTree = BUILT_PRODUCTS_DIR; };
		83850FB01F4A403800F9A444 /* GLTF.framework */ = {isa = PBXFileReference; explicitFileType = wrapper.framework; path = GLTF.framework; sourceTree = BUILT_PRODUCTS_DIR; };
		83850FB31F4A403800F9A444 /* GLTFMTL.framework */ = {isa = PBXFileReference; explicitFileType = wrapper.framework; path = GLTFMTL.framework; sourceTree = BUILT_PRODUCTS_DIR; };
		83850FBA1F4A5C5C00F9A444 /* Assets.xcassets */ = {isa = PBXFileReference; lastKnownFileType = folder.assetcatalog; path = Assets.xcassets; sourceTree = "<group>"; };
		83850FBD1F4A5C5C00F9A444 /* Info.plist */ = {isa = PBXFileReference; lastKnownFileType = text.plist.xml; path = Info.plist; sourceTree = "<group>"; };
		83850FBE1F4A5C5C00F9A444 /* main.m */ = {isa = PBXFileReference; lastKnownFileType = sourcecode.c.objc; path = main.m; sourceTree = "<group>"; };
		83850FC51F4A5F2600F9A444 /* GLTFViewerViewController.m */ = {isa = PBXFileReference; lastKnownFileType = sourcecode.c.objc; name = GLTFViewerViewController.m; path = Shared/GLTFViewerViewController.m; sourceTree = "<group>"; };
		83850FC61F4A5F2600F9A444 /* GLTFViewerViewController.h */ = {isa = PBXFileReference; lastKnownFileType = sourcecode.c.h; name = GLTFViewerViewController.h; path = Shared/GLTFViewerViewController.h; sourceTree = "<group>"; };
		83850FC81F4A616E00F9A444 /* GLTFDocument.h */ = {isa = PBXFileReference; lastKnownFileType = sourcecode.c.h; path = GLTFDocument.h; sourceTree = "<group>"; };
		83850FC91F4A616E00F9A444 /* GLTFDocument.m */ = {isa = PBXFileReference; lastKnownFileType = sourcecode.c.objc; path = GLTFDocument.m; sourceTree = "<group>"; };
		83850FF61F4A714600F9A444 /* Base */ = {isa = PBXFileReference; lastKnownFileType = file.storyboard; name = Base; path = Main.storyboard; sourceTree = "<group>"; };
		83A6C5191F88208E0095A4DC /* GLTFViewerCamera.h */ = {isa = PBXFileReference; lastKnownFileType = sourcecode.c.h; name = GLTFViewerCamera.h; path = Shared/GLTFViewerCamera.h; sourceTree = "<group>"; };
		83A6C51A1F88208E0095A4DC /* GLTFViewerCamera.m */ = {isa = PBXFileReference; lastKnownFileType = sourcecode.c.objc; name = GLTFViewerCamera.m; path = Shared/GLTFViewerCamera.m; sourceTree = "<group>"; };
		83A6C51C1F882DA40095A4DC /* HIToolboxEvents.h */ = {isa = PBXFileReference; lastKnownFileType = sourcecode.c.h; name = HIToolboxEvents.h; path = Shared/HIToolboxEvents.h; sourceTree = "<group>"; };
		83D32B1E1FA915D000703763 /* skybox.metal */ = {isa = PBXFileReference; fileEncoding = 4; lastKnownFileType = sourcecode.metal; path = skybox.metal; sourceTree = "<group>"; };
		83D32B1F1FA915D000703763 /* pbr.metal */ = {isa = PBXFileReference; fileEncoding = 4; lastKnownFileType = sourcecode.metal; path = pbr.metal; sourceTree = "<group>"; };
		83D600011F48BECB00F71E0C /* main.m */ = {isa = PBXFileReference; lastKnownFileType = sourcecode.c.objc; path = main.m; sourceTree = "<group>"; };
		83D6000A1F48BECB00F71E0C /* Base */ = {isa = PBXFileReference; lastKnownFileType = file.storyboard; name = Base; path = Base.lproj/Main.storyboard; sourceTree = "<group>"; };
		83D6000C1F48BECB00F71E0C /* Assets.xcassets */ = {isa = PBXFileReference; lastKnownFileType = folder.assetcatalog; path = Assets.xcassets; sourceTree = "<group>"; };
		83D6000F1F48BECB00F71E0C /* Base */ = {isa = PBXFileReference; lastKnownFileType = file.storyboard; name = Base; path = Base.lproj/LaunchScreen.storyboard; sourceTree = "<group>"; };
		83D600111F48BECB00F71E0C /* Info.plist */ = {isa = PBXFileReference; lastKnownFileType = text.plist.xml; path = Info.plist; sourceTree = "<group>"; };
		83D6FFE31F48BE6200F71E0C /* glTFViewer.app */ = {isa = PBXFileReference; explicitFileType = wrapper.application; includeInIndex = 0; path = glTFViewer.app; sourceTree = BUILT_PRODUCTS_DIR; };
/* End PBXFileReference section */

/* Begin PBXFrameworksBuildPhase section */
		83D6FFE01F48BE6200F71E0C /* Frameworks */ = {
			isa = PBXFrameworksBuildPhase;
			buildActionMask = 2147483647;
			files = (
				8394D43B1F533CE4007FC600 /* GLTFMTL.framework in Frameworks */,
			);
			runOnlyForDeploymentPostprocessing = 0;
		};
/* End PBXFrameworksBuildPhase section */

/* Begin PBXGroup section */
		834168141F8D71A90052E7FE /* Cameras */ = {
			isa = PBXGroup;
			children = (
				83A6C5191F88208E0095A4DC /* GLTFViewerCamera.h */,
				83A6C51A1F88208E0095A4DC /* GLTFViewerCamera.m */,
				8341680E1F8D70210052E7FE /* GLTFViewerOrbitCamera.h */,
				8341680F1F8D70210052E7FE /* GLTFViewerOrbitCamera.m */,
				834168111F8D70730052E7FE /* GLTFViewerFirstPersonCamera.h */,
				834168121F8D70730052E7FE /* GLTFViewerFirstPersonCamera.m */,
			);
			name = Cameras;
			sourceTree = "<group>";
		};
		83637A5E2043B9230093C117 /* Environment */ = {
			isa = PBXGroup;
			children = (
				83637A612043B9230093C117 /* tropical_beach.hdr */,
			);
			name = Environment;
			path = ../../Resources/Environment;
			sourceTree = "<group>";
		};
		83850FB91F4A5C5C00F9A444 /* macOS */ = {
			isa = PBXGroup;
			children = (
				83850FBA1F4A5C5C00F9A444 /* Assets.xcassets */,
				83850FF41F4A714600F9A444 /* Base.lproj */,
				83850FBD1F4A5C5C00F9A444 /* Info.plist */,
				83850FC81F4A616E00F9A444 /* GLTFDocument.h */,
				83850FC91F4A616E00F9A444 /* GLTFDocument.m */,
				83850FBE1F4A5C5C00F9A444 /* main.m */,
			);
			path = macOS;
			sourceTree = "<group>";
		};
		83850FF41F4A714600F9A444 /* Base.lproj */ = {
			isa = PBXGroup;
			children = (
				83850FF51F4A714600F9A444 /* Main.storyboard */,
			);
			path = Base.lproj;
			sourceTree = "<group>";
		};
		83D32B1C1FA915D000703763 /* Resources */ = {
			isa = PBXGroup;
			children = (
				83637A5E2043B9230093C117 /* Environment */,
				83D32B1D1FA915D000703763 /* Shaders */,
			);
			path = Resources;
			sourceTree = "<group>";
		};
		83D32B1D1FA915D000703763 /* Shaders */ = {
			isa = PBXGroup;
			children = (
				83D32B1E1FA915D000703763 /* skybox.metal */,
				83D32B1F1FA915D000703763 /* pbr.metal */,
				834E000A202A70B200DCB66E /* brdf.metal */,
			);
			path = Shaders;
			sourceTree = "<group>";
		};
		83D600151F48BED700F71E0C /* Shared */ = {
			isa = PBXGroup;
			children = (
				834168141F8D71A90052E7FE /* Cameras */,
				83A6C51C1F882DA40095A4DC /* HIToolboxEvents.h */,
				83850FC61F4A5F2600F9A444 /* GLTFViewerViewController.h */,
				83850FC51F4A5F2600F9A444 /* GLTFViewerViewController.m */,
			);
			name = Shared;
			sourceTree = "<group>";
		};
		83D6003D1F48C59D00F71E0C /* Frameworks */ = {
			isa = PBXGroup;
			children = (
				837EEE511FA2B48F004BA504 /* GLTFSCN.framework */,
				83850FB31F4A403800F9A444 /* GLTFMTL.framework */,
				83850FB01F4A403800F9A444 /* GLTF.framework */,
			);
			name = Frameworks;
			sourceTree = "<group>";
		};
		83D6FFDA1F48BE6200F71E0C = {
			isa = PBXGroup;
			children = (
				83D600151F48BED700F71E0C /* Shared */,
				83D6FFFF1F48BECB00F71E0C /* iOS */,
				83850FB91F4A5C5C00F9A444 /* macOS */,
				83D32B1C1FA915D000703763 /* Resources */,
				83D6FFE41F48BE6200F71E0C /* Products */,
				83D6003D1F48C59D00F71E0C /* Frameworks */,
			);
			sourceTree = "<group>";
		};
		83D6FFE41F48BE6200F71E0C /* Products */ = {
			isa = PBXGroup;
			children = (
				83D6FFE31F48BE6200F71E0C /* glTFViewer.app */,
			);
			name = Products;
			sourceTree = "<group>";
		};
		83D6FFFF1F48BECB00F71E0C /* iOS */ = {
			isa = PBXGroup;
			children = (
				83D600091F48BECB00F71E0C /* Main.storyboard */,
				83D6000C1F48BECB00F71E0C /* Assets.xcassets */,
				83D6000E1F48BECB00F71E0C /* LaunchScreen.storyboard */,
				83D600111F48BECB00F71E0C /* Info.plist */,
				83D600011F48BECB00F71E0C /* main.m */,
			);
			path = iOS;
			sourceTree = "<group>";
		};
/* End PBXGroup section */

/* Begin PBXNativeTarget section */
		83D6FFE21F48BE6200F71E0C /* GLTFViewer-macOS */ = {
			isa = PBXNativeTarget;
			buildConfigurationList = 83D6FFF71F48BE6200F71E0C /* Build configuration list for PBXNativeTarget "GLTFViewer-macOS" */;
			buildPhases = (
				83D6FFDF1F48BE6200F71E0C /* Sources */,
				83D6FFE01F48BE6200F71E0C /* Frameworks */,
				83D6FFE11F48BE6200F71E0C /* Resources */,
				83D600B61F48C83D00F71E0C /* CopyFiles */,
				8394D43D1F533CE4007FC600 /* Embed Frameworks */,
			);
			buildRules = (
			);
			dependencies = (
			);
			name = "GLTFViewer-macOS";
			productName = GLTFViewer;
			productReference = 83D6FFE31F48BE6200F71E0C /* glTFViewer.app */;
			productType = "com.apple.product-type.application";
		};
/* End PBXNativeTarget section */

/* Begin PBXProject section */
		83D6FFDB1F48BE6200F71E0C /* Project object */ = {
			isa = PBXProject;
			attributes = {
				LastUpgradeCheck = 0930;
				ORGANIZATIONNAME = "Warren Moore";
				TargetAttributes = {
					83D6FFE21F48BE6200F71E0C = {
						CreatedOnToolsVersion = 8.3.3;
						ProvisioningStyle = Automatic;
						SystemCapabilities = {
							com.apple.Sandbox = {
								enabled = 0;
							};
						};
					};
				};
			};
			buildConfigurationList = 83D6FFDE1F48BE6200F71E0C /* Build configuration list for PBXProject "GLTFViewer" */;
			compatibilityVersion = "Xcode 3.2";
			developmentRegion = English;
			hasScannedForEncodings = 0;
			knownRegions = (
				en,
				Base,
			);
			mainGroup = 83D6FFDA1F48BE6200F71E0C;
			productRefGroup = 83D6FFE41F48BE6200F71E0C /* Products */;
			projectDirPath = "";
			projectRoot = "";
			targets = (
				83D6FFE21F48BE6200F71E0C /* GLTFViewer-macOS */,
			);
		};
/* End PBXProject section */

/* Begin PBXResourcesBuildPhase section */
		83D6FFE11F48BE6200F71E0C /* Resources */ = {
			isa = PBXResourcesBuildPhase;
			buildActionMask = 2147483647;
			files = (
				83637A692043B94F0093C117 /* tropical_beach.hdr in Resources */,
				83DBFDA71FA51F3400722FA8 /* Assets.xcassets in Resources */,
				83850FF71F4A715D00F9A444 /* Main.storyboard in Resources */,
			);
			runOnlyForDeploymentPostprocessing = 0;
		};
/* End PBXResourcesBuildPhase section */

/* Begin PBXSourcesBuildPhase section */
		83D6FFDF1F48BE6200F71E0C /* Sources */ = {
			isa = PBXSourcesBuildPhase;
			buildActionMask = 2147483647;
			files = (
				83A6C51B1F88208E0095A4DC /* GLTFViewerCamera.m in Sources */,
				834168101F8D70210052E7FE /* GLTFViewerOrbitCamera.m in Sources */,
				834E00152031267700DCB66E /* brdf.metal in Sources */,
				83850FC71F4A5F4D00F9A444 /* GLTFViewerViewController.m in Sources */,
				83D32B291FA915D000703763 /* skybox.metal in Sources */,
				83D32B2A1FA915D000703763 /* pbr.metal in Sources */,
				83850FCA1F4A616E00F9A444 /* GLTFDocument.m in Sources */,
				83850FC21F4A5E8F00F9A444 /* main.m in Sources */,
				834168131F8D70730052E7FE /* GLTFViewerFirstPersonCamera.m in Sources */,
			);
			runOnlyForDeploymentPostprocessing = 0;
		};
/* End PBXSourcesBuildPhase section */

/* Begin PBXVariantGroup section */
		83850FF51F4A714600F9A444 /* Main.storyboard */ = {
			isa = PBXVariantGroup;
			children = (
				83850FF61F4A714600F9A444 /* Base */,
			);
			name = Main.storyboard;
			sourceTree = "<group>";
		};
		83D600091F48BECB00F71E0C /* Main.storyboard */ = {
			isa = PBXVariantGroup;
			children = (
				83D6000A1F48BECB00F71E0C /* Base */,
			);
			name = Main.storyboard;
			sourceTree = "<group>";
		};
		83D6000E1F48BECB00F71E0C /* LaunchScreen.storyboard */ = {
			isa = PBXVariantGroup;
			children = (
				83D6000F1F48BECB00F71E0C /* Base */,
			);
			name = LaunchScreen.storyboard;
			sourceTree = "<group>";
		};
/* End PBXVariantGroup section */

/* Begin XCBuildConfiguration section */
		83D6FFF51F48BE6200F71E0C /* Debug */ = {
			isa = XCBuildConfiguration;
			buildSettings = {
				ALWAYS_SEARCH_USER_PATHS = NO;
				CLANG_ANALYZER_NONNULL = YES;
				CLANG_ANALYZER_NUMBER_OBJECT_CONVERSION = YES_AGGRESSIVE;
				CLANG_CXX_LANGUAGE_STANDARD = "gnu++0x";
				CLANG_CXX_LIBRARY = "libc++";
				CLANG_ENABLE_MODULES = YES;
				CLANG_ENABLE_OBJC_ARC = YES;
				CLANG_WARN_BLOCK_CAPTURE_AUTORELEASING = YES;
				CLANG_WARN_BOOL_CONVERSION = YES;
				CLANG_WARN_COMMA = YES;
				CLANG_WARN_CONSTANT_CONVERSION = YES;
				CLANG_WARN_DEPRECATED_OBJC_IMPLEMENTATIONS = YES;
				CLANG_WARN_DIRECT_OBJC_ISA_USAGE = YES_ERROR;
				CLANG_WARN_DOCUMENTATION_COMMENTS = YES;
				CLANG_WARN_EMPTY_BODY = YES;
				CLANG_WARN_ENUM_CONVERSION = YES;
				CLANG_WARN_INFINITE_RECURSION = YES;
				CLANG_WARN_INT_CONVERSION = YES;
				CLANG_WARN_NON_LITERAL_NULL_CONVERSION = YES;
				CLANG_WARN_OBJC_IMPLICIT_RETAIN_SELF = YES;
				CLANG_WARN_OBJC_LITERAL_CONVERSION = YES;
				CLANG_WARN_OBJC_ROOT_CLASS = YES_ERROR;
				CLANG_WARN_RANGE_LOOP_ANALYSIS = YES;
				CLANG_WARN_STRICT_PROTOTYPES = YES;
				CLANG_WARN_SUSPICIOUS_MOVE = YES;
				CLANG_WARN_UNREACHABLE_CODE = YES;
				CLANG_WARN__DUPLICATE_METHOD_MATCH = YES;
				CODE_SIGN_IDENTITY = "-";
				COPY_PHASE_STRIP = NO;
				DEBUG_INFORMATION_FORMAT = dwarf;
				ENABLE_STRICT_OBJC_MSGSEND = YES;
				ENABLE_TESTABILITY = YES;
				GCC_C_LANGUAGE_STANDARD = gnu99;
				GCC_DYNAMIC_NO_PIC = NO;
				GCC_NO_COMMON_BLOCKS = YES;
				GCC_OPTIMIZATION_LEVEL = 0;
				GCC_PREPROCESSOR_DEFINITIONS = (
					"DEBUG=1",
					"$(inherited)",
				);
				GCC_WARN_64_TO_32_BIT_CONVERSION = YES;
				GCC_WARN_ABOUT_RETURN_TYPE = YES_ERROR;
				GCC_WARN_UNDECLARED_SELECTOR = YES;
				GCC_WARN_UNINITIALIZED_AUTOS = YES_AGGRESSIVE;
				GCC_WARN_UNUSED_FUNCTION = YES;
				GCC_WARN_UNUSED_VARIABLE = YES;
				IPHONEOS_DEPLOYMENT_TARGET = 10.3;
				MACOSX_DEPLOYMENT_TARGET = 10.12;
				MTL_ENABLE_DEBUG_INFO = YES;
				ONLY_ACTIVE_ARCH = YES;
				SDKROOT = macosx;
			};
			name = Debug;
		};
		83D6FFF61F48BE6200F71E0C /* Release */ = {
			isa = XCBuildConfiguration;
			buildSettings = {
				ALWAYS_SEARCH_USER_PATHS = NO;
				CLANG_ANALYZER_NONNULL = YES;
				CLANG_ANALYZER_NUMBER_OBJECT_CONVERSION = YES_AGGRESSIVE;
				CLANG_CXX_LANGUAGE_STANDARD = "gnu++0x";
				CLANG_CXX_LIBRARY = "libc++";
				CLANG_ENABLE_MODULES = YES;
				CLANG_ENABLE_OBJC_ARC = YES;
				CLANG_WARN_BLOCK_CAPTURE_AUTORELEASING = YES;
				CLANG_WARN_BOOL_CONVERSION = YES;
				CLANG_WARN_COMMA = YES;
				CLANG_WARN_CONSTANT_CONVERSION = YES;
				CLANG_WARN_DEPRECATED_OBJC_IMPLEMENTATIONS = YES;
				CLANG_WARN_DIRECT_OBJC_ISA_USAGE = YES_ERROR;
				CLANG_WARN_DOCUMENTATION_COMMENTS = YES;
				CLANG_WARN_EMPTY_BODY = YES;
				CLANG_WARN_ENUM_CONVERSION = YES;
				CLANG_WARN_INFINITE_RECURSION = YES;
				CLANG_WARN_INT_CONVERSION = YES;
				CLANG_WARN_NON_LITERAL_NULL_CONVERSION = YES;
				CLANG_WARN_OBJC_IMPLICIT_RETAIN_SELF = YES;
				CLANG_WARN_OBJC_LITERAL_CONVERSION = YES;
				CLANG_WARN_OBJC_ROOT_CLASS = YES_ERROR;
				CLANG_WARN_RANGE_LOOP_ANALYSIS = YES;
				CLANG_WARN_STRICT_PROTOTYPES = YES;
				CLANG_WARN_SUSPICIOUS_MOVE = YES;
				CLANG_WARN_UNREACHABLE_CODE = YES;
				CLANG_WARN__DUPLICATE_METHOD_MATCH = YES;
				CODE_SIGN_IDENTITY = "-";
				COPY_PHASE_STRIP = NO;
				DEBUG_INFORMATION_FORMAT = "dwarf-with-dsym";
				ENABLE_NS_ASSERTIONS = NO;
				ENABLE_STRICT_OBJC_MSGSEND = YES;
				GCC_C_LANGUAGE_STANDARD = gnu99;
				GCC_NO_COMMON_BLOCKS = YES;
				GCC_WARN_64_TO_32_BIT_CONVERSION = YES;
				GCC_WARN_ABOUT_RETURN_TYPE = YES_ERROR;
				GCC_WARN_UNDECLARED_SELECTOR = YES;
				GCC_WARN_UNINITIALIZED_AUTOS = YES_AGGRESSIVE;
				GCC_WARN_UNUSED_FUNCTION = YES;
				GCC_WARN_UNUSED_VARIABLE = YES;
				IPHONEOS_DEPLOYMENT_TARGET = 10.3;
				MACOSX_DEPLOYMENT_TARGET = 10.12;
				MTL_ENABLE_DEBUG_INFO = NO;
				SDKROOT = macosx;
			};
			name = Release;
		};
		83D6FFF81F48BE6200F71E0C /* Debug */ = {
			isa = XCBuildConfiguration;
			buildSettings = {
				ASSETCATALOG_COMPILER_APPICON_NAME = AppIcon;
				CLANG_ENABLE_OBJC_WEAK = YES;
				COMBINE_HIDPI_IMAGES = YES;
				DEVELOPMENT_TEAM = "";
				INFOPLIST_FILE = "$(SRCROOT)/macOS/Info.plist";
				LD_RUNPATH_SEARCH_PATHS = "$(inherited) @executable_path/../Frameworks";
				PRODUCT_BUNDLE_IDENTIFIER = net.warrenmoore.GLTFViewer;
				PRODUCT_NAME = glTFViewer;
			};
			name = Debug;
		};
		83D6FFF91F48BE6200F71E0C /* Release */ = {
			isa = XCBuildConfiguration;
			buildSettings = {
				ASSETCATALOG_COMPILER_APPICON_NAME = AppIcon;
				CLANG_ENABLE_OBJC_WEAK = YES;
				COMBINE_HIDPI_IMAGES = YES;
				DEVELOPMENT_TEAM = "";
				INFOPLIST_FILE = "$(SRCROOT)/macOS/Info.plist";
				LD_RUNPATH_SEARCH_PATHS = "$(inherited) @executable_path/../Frameworks";
				PRODUCT_BUNDLE_IDENTIFIER = net.warrenmoore.GLTFViewer;
				PRODUCT_NAME = glTFViewer;
			};
			name = Release;
		};
/* End XCBuildConfiguration section */

/* Begin XCConfigurationList section */
		83D6FFDE1F48BE6200F71E0C /* Build configuration list for PBXProject "GLTFViewer" */ = {
			isa = XCConfigurationList;
			buildConfigurations = (
				83D6FFF51F48BE6200F71E0C /* Debug */,
				83D6FFF61F48BE6200F71E0C /* Release */,
			);
			defaultConfigurationIsVisible = 0;
			defaultConfigurationName = Release;
		};
		83D6FFF71F48BE6200F71E0C /* Build configuration list for PBXNativeTarget "GLTFViewer-macOS" */ = {
			isa = XCConfigurationList;
			buildConfigurations = (
				83D6FFF81F48BE6200F71E0C /* Debug */,
				83D6FFF91F48BE6200F71E0C /* Release */,
			);
			defaultConfigurationIsVisible = 0;
			defaultConfigurationName = Release;
		};
/* End XCConfigurationList section */
	};
	rootObject = 83D6FFDB1F48BE6200F71E0C /* Project object */;
}
